// !$*UTF8*$!
{
	archiveVersion = 1;
	classes = {
	};
	objectVersion = 77;
	objects = {

/* Begin PBXBuildFile section */
		DE580A932DB349B600FB4B02 /* Config.xcconfig in Resources */ = {isa = PBXBuildFile; fileRef = DE580A922DB349B600FB4B02 /* Config.xcconfig */; };
/* End PBXBuildFile section */

/* Begin PBXContainerItemProxy section */
		DEE9F93B2D996D8A00321F3E /* PBXContainerItemProxy */ = {
			isa = PBXContainerItemProxy;
			containerPortal = DEE9F9222D996D8900321F3E /* Project object */;
			proxyType = 1;
			remoteGlobalIDString = DEE9F9292D996D8900321F3E;
			remoteInfo = rinngo_practice;
		};
		DEE9F9452D996D8A00321F3E /* PBXContainerItemProxy */ = {
			isa = PBXContainerItemProxy;
			containerPortal = DEE9F9222D996D8900321F3E /* Project object */;
			proxyType = 1;
			remoteGlobalIDString = DEE9F9292D996D8900321F3E;
			remoteInfo = rinngo_practice;
		};
/* End PBXContainerItemProxy section */

/* Begin PBXFileReference section */
		DE580A922DB349B600FB4B02 /* Config.xcconfig */ = {isa = PBXFileReference; lastKnownFileType = text.xcconfig; path = Config.xcconfig; sourceTree = "<group>"; };
		DEE9F92A2D996D8900321F3E /* rinngo_practice.app */ = {isa = PBXFileReference; explicitFileType = wrapper.application; includeInIndex = 0; path = rinngo_practice.app; sourceTree = BUILT_PRODUCTS_DIR; };
		DEE9F93A2D996D8A00321F3E /* rinngo_practiceTests.xctest */ = {isa = PBXFileReference; explicitFileType = wrapper.cfbundle; includeInIndex = 0; path = rinngo_practiceTests.xctest; sourceTree = BUILT_PRODUCTS_DIR; };
		DEE9F9442D996D8A00321F3E /* rinngo_practiceUITests.xctest */ = {isa = PBXFileReference; explicitFileType = wrapper.cfbundle; includeInIndex = 0; path = rinngo_practiceUITests.xctest; sourceTree = BUILT_PRODUCTS_DIR; };
/* End PBXFileReference section */

/* Begin PBXFileSystemSynchronizedRootGroup section */
		DEE9F92C2D996D8900321F3E /* rinngo_practice */ = {
			isa = PBXFileSystemSynchronizedRootGroup;
			path = rinngo_practice;
			sourceTree = "<group>";
		};
		DEE9F93D2D996D8A00321F3E /* rinngo_practiceTests */ = {
			isa = PBXFileSystemSynchronizedRootGroup;
			path = rinngo_practiceTests;
			sourceTree = "<group>";
		};
		DEE9F9472D996D8A00321F3E /* rinngo_practiceUITests */ = {
			isa = PBXFileSystemSynchronizedRootGroup;
			path = rinngo_practiceUITests;
			sourceTree = "<group>";
		};
/* End PBXFileSystemSynchronizedRootGroup section */

/* Begin PBXFrameworksBuildPhase section */
		DEE9F9272D996D8900321F3E /* Frameworks */ = {
			isa = PBXFrameworksBuildPhase;
			buildActionMask = 2147483647;
			files = (
			);
			runOnlyForDeploymentPostprocessing = 0;
		};
		DEE9F9372D996D8A00321F3E /* Frameworks */ = {
			isa = PBXFrameworksBuildPhase;
			buildActionMask = 2147483647;
			files = (
			);
			runOnlyForDeploymentPostprocessing = 0;
		};
		DEE9F9412D996D8A00321F3E /* Frameworks */ = {
			isa = PBXFrameworksBuildPhase;
			buildActionMask = 2147483647;
			files = (
			);
			runOnlyForDeploymentPostprocessing = 0;
		};
/* End PBXFrameworksBuildPhase section */

/* Begin PBXGroup section */
		DEE9F9212D996D8900321F3E = {
			isa = PBXGroup;
			children = (
				DE580A922DB349B600FB4B02 /* Config.xcconfig */,
				DEE9F92C2D996D8900321F3E /* rinngo_practice */,
				DEE9F93D2D996D8A00321F3E /* rinngo_practiceTests */,
				DEE9F9472D996D8A00321F3E /* rinngo_practiceUITests */,
				DEE9F92B2D996D8900321F3E /* Products */,
			);
			sourceTree = "<group>";
		};
		DEE9F92B2D996D8900321F3E /* Products */ = {
			isa = PBXGroup;
			children = (
				DEE9F92A2D996D8900321F3E /* rinngo_practice.app */,
				DEE9F93A2D996D8A00321F3E /* rinngo_practiceTests.xctest */,
				DEE9F9442D996D8A00321F3E /* rinngo_practiceUITests.xctest */,
			);
			name = Products;
			sourceTree = "<group>";
		};
/* End PBXGroup section */

/* Begin PBXNativeTarget section */
		DEE9F9292D996D8900321F3E /* rinngo_practice */ = {
			isa = PBXNativeTarget;
			buildConfigurationList = DEE9F94E2D996D8A00321F3E /* Build configuration list for PBXNativeTarget "rinngo_practice" */;
			buildPhases = (
				DEE9F9262D996D8900321F3E /* Sources */,
				DEE9F9272D996D8900321F3E /* Frameworks */,
				DEE9F9282D996D8900321F3E /* Resources */,
			);
			buildRules = (
			);
			dependencies = (
			);
			fileSystemSynchronizedGroups = (
				DEE9F92C2D996D8900321F3E /* rinngo_practice */,
			);
			name = rinngo_practice;
			packageProductDependencies = (
			);
			productName = rinngo_practice;
			productReference = DEE9F92A2D996D8900321F3E /* rinngo_practice.app */;
			productType = "com.apple.product-type.application";
		};
		DEE9F9392D996D8A00321F3E /* rinngo_practiceTests */ = {
			isa = PBXNativeTarget;
			buildConfigurationList = DEE9F9512D996D8A00321F3E /* Build configuration list for PBXNativeTarget "rinngo_practiceTests" */;
			buildPhases = (
				DEE9F9362D996D8A00321F3E /* Sources */,
				DEE9F9372D996D8A00321F3E /* Frameworks */,
				DEE9F9382D996D8A00321F3E /* Resources */,
			);
			buildRules = (
			);
			dependencies = (
				DEE9F93C2D996D8A00321F3E /* PBXTargetDependency */,
			);
			fileSystemSynchronizedGroups = (
				DEE9F93D2D996D8A00321F3E /* rinngo_practiceTests */,
			);
			name = rinngo_practiceTests;
			packageProductDependencies = (
			);
			productName = rinngo_practiceTests;
			productReference = DEE9F93A2D996D8A00321F3E /* rinngo_practiceTests.xctest */;
			productType = "com.apple.product-type.bundle.unit-test";
		};
		DEE9F9432D996D8A00321F3E /* rinngo_practiceUITests */ = {
			isa = PBXNativeTarget;
			buildConfigurationList = DEE9F9542D996D8A00321F3E /* Build configuration list for PBXNativeTarget "rinngo_practiceUITests" */;
			buildPhases = (
				DEE9F9402D996D8A00321F3E /* Sources */,
				DEE9F9412D996D8A00321F3E /* Frameworks */,
				DEE9F9422D996D8A00321F3E /* Resources */,
			);
			buildRules = (
			);
			dependencies = (
				DEE9F9462D996D8A00321F3E /* PBXTargetDependency */,
			);
			fileSystemSynchronizedGroups = (
				DEE9F9472D996D8A00321F3E /* rinngo_practiceUITests */,
			);
			name = rinngo_practiceUITests;
			packageProductDependencies = (
			);
			productName = rinngo_practiceUITests;
			productReference = DEE9F9442D996D8A00321F3E /* rinngo_practiceUITests.xctest */;
			productType = "com.apple.product-type.bundle.ui-testing";
		};
/* End PBXNativeTarget section */

/* Begin PBXProject section */
		DEE9F9222D996D8900321F3E /* Project object */ = {
			isa = PBXProject;
			attributes = {
				BuildIndependentTargetsInParallel = 1;
				LastSwiftUpdateCheck = 1620;
				LastUpgradeCheck = 1620;
				TargetAttributes = {
					DEE9F9292D996D8900321F3E = {
						CreatedOnToolsVersion = 16.2;
					};
					DEE9F9392D996D8A00321F3E = {
						CreatedOnToolsVersion = 16.2;
						TestTargetID = DEE9F9292D996D8900321F3E;
					};
					DEE9F9432D996D8A00321F3E = {
						CreatedOnToolsVersion = 16.2;
						TestTargetID = DEE9F9292D996D8900321F3E;
					};
				};
			};
			buildConfigurationList = DEE9F9252D996D8900321F3E /* Build configuration list for PBXProject "rinngo_practice" */;
			developmentRegion = en;
			hasScannedForEncodings = 0;
			knownRegions = (
				en,
				Base,
			);
			mainGroup = DEE9F9212D996D8900321F3E;
			minimizedProjectReferenceProxies = 1;
			preferredProjectObjectVersion = 77;
			productRefGroup = DEE9F92B2D996D8900321F3E /* Products */;
			projectDirPath = "";
			projectRoot = "";
			targets = (
				DEE9F9292D996D8900321F3E /* rinngo_practice */,
				DEE9F9392D996D8A00321F3E /* rinngo_practiceTests */,
				DEE9F9432D996D8A00321F3E /* rinngo_practiceUITests */,
			);
		};
/* End PBXProject section */

/* Begin PBXResourcesBuildPhase section */
		DEE9F9282D996D8900321F3E /* Resources */ = {
			isa = PBXResourcesBuildPhase;
			buildActionMask = 2147483647;
			files = (
				DE580A932DB349B600FB4B02 /* Config.xcconfig in Resources */,
			);
			runOnlyForDeploymentPostprocessing = 0;
		};
		DEE9F9382D996D8A00321F3E /* Resources */ = {
			isa = PBXResourcesBuildPhase;
			buildActionMask = 2147483647;
			files = (
			);
			runOnlyForDeploymentPostprocessing = 0;
		};
		DEE9F9422D996D8A00321F3E /* Resources */ = {
			isa = PBXResourcesBuildPhase;
			buildActionMask = 2147483647;
			files = (
			);
			runOnlyForDeploymentPostprocessing = 0;
		};
/* End PBXResourcesBuildPhase section */

/* Begin PBXSourcesBuildPhase section */
		DEE9F9262D996D8900321F3E /* Sources */ = {
			isa = PBXSourcesBuildPhase;
			buildActionMask = 2147483647;
			files = (
			);
			runOnlyForDeploymentPostprocessing = 0;
		};
		DEE9F9362D996D8A00321F3E /* Sources */ = {
			isa = PBXSourcesBuildPhase;
			buildActionMask = 2147483647;
			files = (
			);
			runOnlyForDeploymentPostprocessing = 0;
		};
		DEE9F9402D996D8A00321F3E /* Sources */ = {
			isa = PBXSourcesBuildPhase;
			buildActionMask = 2147483647;
			files = (
			);
			runOnlyForDeploymentPostprocessing = 0;
		};
/* End PBXSourcesBuildPhase section */

/* Begin PBXTargetDependency section */
		DEE9F93C2D996D8A00321F3E /* PBXTargetDependency */ = {
			isa = PBXTargetDependency;
			target = DEE9F9292D996D8900321F3E /* rinngo_practice */;
			targetProxy = DEE9F93B2D996D8A00321F3E /* PBXContainerItemProxy */;
		};
		DEE9F9462D996D8A00321F3E /* PBXTargetDependency */ = {
			isa = PBXTargetDependency;
			target = DEE9F9292D996D8900321F3E /* rinngo_practice */;
			targetProxy = DEE9F9452D996D8A00321F3E /* PBXContainerItemProxy */;
		};
/* End PBXTargetDependency section */

/* Begin XCBuildConfiguration section */
		DEE9F94C2D996D8A00321F3E /* Debug */ = {
			isa = XCBuildConfiguration;
			baseConfigurationReference = DE580A922DB349B600FB4B02 /* Config.xcconfig */;
			buildSettings = {
				ALWAYS_SEARCH_USER_PATHS = NO;
				ASSETCATALOG_COMPILER_GENERATE_SWIFT_ASSET_SYMBOL_EXTENSIONS = YES;
				CLANG_ANALYZER_NONNULL = YES;
				CLANG_ANALYZER_NUMBER_OBJECT_CONVERSION = YES_AGGRESSIVE;
				CLANG_CXX_LANGUAGE_STANDARD = "gnu++20";
				CLANG_ENABLE_MODULES = YES;
				CLANG_ENABLE_OBJC_ARC = YES;
				CLANG_ENABLE_OBJC_WEAK = YES;
				CLANG_WARN_BLOCK_CAPTURE_AUTORELEASING = YES;
				CLANG_WARN_BOOL_CONVERSION = YES;
				CLANG_WARN_COMMA = YES;
				CLANG_WARN_CONSTANT_CONVERSION = YES;
				CLANG_WARN_DEPRECATED_OBJC_IMPLEMENTATIONS = YES;
				CLANG_WARN_DIRECT_OBJC_ISA_USAGE = YES_ERROR;
				CLANG_WARN_DOCUMENTATION_COMMENTS = YES;
				CLANG_WARN_EMPTY_BODY = YES;
				CLANG_WARN_ENUM_CONVERSION = YES;
				CLANG_WARN_INFINITE_RECURSION = YES;
				CLANG_WARN_INT_CONVERSION = YES;
				CLANG_WARN_NON_LITERAL_NULL_CONVERSION = YES;
				CLANG_WARN_OBJC_IMPLICIT_RETAIN_SELF = YES;
				CLANG_WARN_OBJC_LITERAL_CONVERSION = YES;
				CLANG_WARN_OBJC_ROOT_CLASS = YES_ERROR;
				CLANG_WARN_QUOTED_INCLUDE_IN_FRAMEWORK_HEADER = YES;
				CLANG_WARN_RANGE_LOOP_ANALYSIS = YES;
				CLANG_WARN_STRICT_PROTOTYPES = YES;
				CLANG_WARN_SUSPICIOUS_MOVE = YES;
				CLANG_WARN_UNGUARDED_AVAILABILITY = YES_AGGRESSIVE;
				CLANG_WARN_UNREACHABLE_CODE = YES;
				CLANG_WARN__DUPLICATE_METHOD_MATCH = YES;
				COPY_PHASE_STRIP = NO;
				DEBUG_INFORMATION_FORMAT = dwarf;
				ENABLE_STRICT_OBJC_MSGSEND = YES;
				ENABLE_TESTABILITY = YES;
				ENABLE_USER_SCRIPT_SANDBOXING = YES;
				GCC_C_LANGUAGE_STANDARD = gnu17;
				GCC_DYNAMIC_NO_PIC = NO;
				GCC_NO_COMMON_BLOCKS = YES;
				GCC_OPTIMIZATION_LEVEL = 0;
				GCC_PREPROCESSOR_DEFINITIONS = (
					"DEBUG=1",
					"$(inherited)",
				);
				GCC_WARN_64_TO_32_BIT_CONVERSION = YES;
				GCC_WARN_ABOUT_RETURN_TYPE = YES_ERROR;
				GCC_WARN_UNDECLARED_SELECTOR = YES;
				GCC_WARN_UNINITIALIZED_AUTOS = YES_AGGRESSIVE;
				GCC_WARN_UNUSED_FUNCTION = YES;
				GCC_WARN_UNUSED_VARIABLE = YES;
				IPHONEOS_DEPLOYMENT_TARGET = 18.2;
				LOCALIZATION_PREFERS_STRING_CATALOGS = YES;
				MTL_ENABLE_DEBUG_INFO = INCLUDE_SOURCE;
				MTL_FAST_MATH = YES;
				ONLY_ACTIVE_ARCH = YES;
				SDKROOT = iphoneos;
				SWIFT_ACTIVE_COMPILATION_CONDITIONS = "DEBUG $(inherited)";
				SWIFT_OPTIMIZATION_LEVEL = "-Onone";
			};
			name = Debug;
		};
		DEE9F94D2D996D8A00321F3E /* Release */ = {
			isa = XCBuildConfiguration;
			buildSettings = {
				ALWAYS_SEARCH_USER_PATHS = NO;
				ASSETCATALOG_COMPILER_GENERATE_SWIFT_ASSET_SYMBOL_EXTENSIONS = YES;
				CLANG_ANALYZER_NONNULL = YES;
				CLANG_ANALYZER_NUMBER_OBJECT_CONVERSION = YES_AGGRESSIVE;
				CLANG_CXX_LANGUAGE_STANDARD = "gnu++20";
				CLANG_ENABLE_MODULES = YES;
				CLANG_ENABLE_OBJC_ARC = YES;
				CLANG_ENABLE_OBJC_WEAK = YES;
				CLANG_WARN_BLOCK_CAPTURE_AUTORELEASING = YES;
				CLANG_WARN_BOOL_CONVERSION = YES;
				CLANG_WARN_COMMA = YES;
				CLANG_WARN_CONSTANT_CONVERSION = YES;
				CLANG_WARN_DEPRECATED_OBJC_IMPLEMENTATIONS = YES;
				CLANG_WARN_DIRECT_OBJC_ISA_USAGE = YES_ERROR;
				CLANG_WARN_DOCUMENTATION_COMMENTS = YES;
				CLANG_WARN_EMPTY_BODY = YES;
				CLANG_WARN_ENUM_CONVERSION = YES;
				CLANG_WARN_INFINITE_RECURSION = YES;
				CLANG_WARN_INT_CONVERSION = YES;
				CLANG_WARN_NON_LITERAL_NULL_CONVERSION = YES;
				CLANG_WARN_OBJC_IMPLICIT_RETAIN_SELF = YES;
				CLANG_WARN_OBJC_LITERAL_CONVERSION = YES;
				CLANG_WARN_OBJC_ROOT_CLASS = YES_ERROR;
				CLANG_WARN_QUOTED_INCLUDE_IN_FRAMEWORK_HEADER = YES;
				CLANG_WARN_RANGE_LOOP_ANALYSIS = YES;
				CLANG_WARN_STRICT_PROTOTYPES = YES;
				CLANG_WARN_SUSPICIOUS_MOVE = YES;
				CLANG_WARN_UNGUARDED_AVAILABILITY = YES_AGGRESSIVE;
				CLANG_WARN_UNREACHABLE_CODE = YES;
				CLANG_WARN__DUPLICATE_METHOD_MATCH = YES;
				COPY_PHASE_STRIP = NO;
				DEBUG_INFORMATION_FORMAT = "dwarf-with-dsym";
				ENABLE_NS_ASSERTIONS = NO;
				ENABLE_STRICT_OBJC_MSGSEND = YES;
				ENABLE_USER_SCRIPT_SANDBOXING = YES;
				GCC_C_LANGUAGE_STANDARD = gnu17;
				GCC_NO_COMMON_BLOCKS = YES;
				GCC_WARN_64_TO_32_BIT_CONVERSION = YES;
				GCC_WARN_ABOUT_RETURN_TYPE = YES_ERROR;
				GCC_WARN_UNDECLARED_SELECTOR = YES;
				GCC_WARN_UNINITIALIZED_AUTOS = YES_AGGRESSIVE;
				GCC_WARN_UNUSED_FUNCTION = YES;
				GCC_WARN_UNUSED_VARIABLE = YES;
				IPHONEOS_DEPLOYMENT_TARGET = 18.2;
				LOCALIZATION_PREFERS_STRING_CATALOGS = YES;
				MTL_ENABLE_DEBUG_INFO = NO;
				MTL_FAST_MATH = YES;
				SDKROOT = iphoneos;
				SWIFT_COMPILATION_MODE = wholemodule;
				VALIDATE_PRODUCT = YES;
			};
			name = Release;
		};
		DEE9F94F2D996D8A00321F3E /* Debug */ = {
			isa = XCBuildConfiguration;
			baseConfigurationReference = DE580A922DB349B600FB4B02 /* Config.xcconfig */;
			buildSettings = {
				ASSETCATALOG_COMPILER_APPICON_NAME = AppIcon;
				ASSETCATALOG_COMPILER_GLOBAL_ACCENT_COLOR_NAME = AccentColor;
				CODE_SIGN_STYLE = Automatic;
				CURRENT_PROJECT_VERSION = 1;
				DEVELOPMENT_ASSET_PATHS = "\"rinngo_practice/Preview Content\"";
				DEVELOPMENT_TEAM = 67447MWT6K;
				ENABLE_PREVIEWS = YES;
				GENERATE_INFOPLIST_FILE = YES;
				INFOPLIST_FILE = "rinngo-practice-Info.plist";
				INFOPLIST_KEY_UIApplicationSceneManifest_Generation = YES;
				INFOPLIST_KEY_UIApplicationSupportsIndirectInputEvents = YES;
				INFOPLIST_KEY_UILaunchScreen_Generation = YES;
				INFOPLIST_KEY_UISupportedInterfaceOrientations_iPad = "UIInterfaceOrientationPortrait UIInterfaceOrientationPortraitUpsideDown UIInterfaceOrientationLandscapeLeft UIInterfaceOrientationLandscapeRight";
				INFOPLIST_KEY_UISupportedInterfaceOrientations_iPhone = "UIInterfaceOrientationPortrait UIInterfaceOrientationLandscapeLeft UIInterfaceOrientationLandscapeRight";
				LD_RUNPATH_SEARCH_PATHS = (
					"$(inherited)",
					"@executable_path/Frameworks",
				);
				MARKETING_VERSION = 1.0;
				PRODUCT_BUNDLE_IDENTIFIER = "rinngo0302.rinngo-practice";
				PRODUCT_NAME = "$(TARGET_NAME)";
				SWIFT_EMIT_LOC_STRINGS = YES;
				SWIFT_VERSION = 5.0;
				TARGETED_DEVICE_FAMILY = "1,2";
			};
			name = Debug;
		};
		DEE9F9502D996D8A00321F3E /* Release */ = {
			isa = XCBuildConfiguration;
			buildSettings = {
				ASSETCATALOG_COMPILER_APPICON_NAME = AppIcon;
				ASSETCATALOG_COMPILER_GLOBAL_ACCENT_COLOR_NAME = AccentColor;
				CODE_SIGN_STYLE = Automatic;
				CURRENT_PROJECT_VERSION = 1;
				DEVELOPMENT_ASSET_PATHS = "\"rinngo_practice/Preview Content\"";
				DEVELOPMENT_TEAM = 67447MWT6K;
				ENABLE_PREVIEWS = YES;
				GENERATE_INFOPLIST_FILE = YES;
				INFOPLIST_FILE = "rinngo-practice-Info.plist";
				INFOPLIST_KEY_UIApplicationSceneManifest_Generation = YES;
				INFOPLIST_KEY_UIApplicationSupportsIndirectInputEvents = YES;
				INFOPLIST_KEY_UILaunchScreen_Generation = YES;
				INFOPLIST_KEY_UISupportedInterfaceOrientations_iPad = "UIInterfaceOrientationPortrait UIInterfaceOrientationPortraitUpsideDown UIInterfaceOrientationLandscapeLeft UIInterfaceOrientationLandscapeRight";
				INFOPLIST_KEY_UISupportedInterfaceOrientations_iPhone = "UIInterfaceOrientationPortrait UIInterfaceOrientationLandscapeLeft UIInterfaceOrientationLandscapeRight";
				LD_RUNPATH_SEARCH_PATHS = (
					"$(inherited)",
					"@executable_path/Frameworks",
				);
				MARKETING_VERSION = 1.0;
				PRODUCT_BUNDLE_IDENTIFIER = "rinngo0302.rinngo-practice";
				PRODUCT_NAME = "$(TARGET_NAME)";
				SWIFT_EMIT_LOC_STRINGS = YES;
				SWIFT_VERSION = 5.0;
				TARGETED_DEVICE_FAMILY = "1,2";
			};
			name = Release;
		};
		DEE9F9522D996D8A00321F3E /* Debug */ = {
			isa = XCBuildConfiguration;
			baseConfigurationReference = DE580A922DB349B600FB4B02 /* Config.xcconfig */;
			buildSettings = {
				BUNDLE_LOADER = "$(TEST_HOST)";
				CODE_SIGN_STYLE = Automatic;
				CURRENT_PROJECT_VERSION = 1;
				DEVELOPMENT_TEAM = 67447MWT6K;
				GENERATE_INFOPLIST_FILE = YES;
				IPHONEOS_DEPLOYMENT_TARGET = 18.2;
				MARKETING_VERSION = 1.0;
				PRODUCT_BUNDLE_IDENTIFIER = "rinngo0302.rinngo-practiceTests";
				PRODUCT_NAME = "$(TARGET_NAME)";
				SWIFT_EMIT_LOC_STRINGS = NO;
				SWIFT_VERSION = 5.0;
				TARGETED_DEVICE_FAMILY = "1,2";
				TEST_HOST = "$(BUILT_PRODUCTS_DIR)/rinngo_practice.app/$(BUNDLE_EXECUTABLE_FOLDER_PATH)/rinngo_practice";
			};
			name = Debug;
		};
		DEE9F9532D996D8A00321F3E /* Release */ = {
			isa = XCBuildConfiguration;
			buildSettings = {
				BUNDLE_LOADER = "$(TEST_HOST)";
				CODE_SIGN_STYLE = Automatic;
				CURRENT_PROJECT_VERSION = 1;
				DEVELOPMENT_TEAM = 67447MWT6K;
				GENERATE_INFOPLIST_FILE = YES;
				IPHONEOS_DEPLOYMENT_TARGET = 18.2;
				MARKETING_VERSION = 1.0;
				PRODUCT_BUNDLE_IDENTIFIER = "rinngo0302.rinngo-practiceTests";
				PRODUCT_NAME = "$(TARGET_NAME)";
				SWIFT_EMIT_LOC_STRINGS = NO;
				SWIFT_VERSION = 5.0;
				TARGETED_DEVICE_FAMILY = "1,2";
				TEST_HOST = "$(BUILT_PRODUCTS_DIR)/rinngo_practice.app/$(BUNDLE_EXECUTABLE_FOLDER_PATH)/rinngo_practice";
			};
			name = Release;
		};
		DEE9F9552D996D8A00321F3E /* Debug */ = {
			isa = XCBuildConfiguration;
			baseConfigurationReference = DE580A922DB349B600FB4B02 /* Config.xcconfig */;
			buildSettings = {
				CODE_SIGN_STYLE = Automatic;
				CURRENT_PROJECT_VERSION = 1;
				DEVELOPMENT_TEAM = 67447MWT6K;
				GENERATE_INFOPLIST_FILE = YES;
				MARKETING_VERSION = 1.0;
				PRODUCT_BUNDLE_IDENTIFIER = "rinngo0302.rinngo-practiceUITests";
				PRODUCT_NAME = "$(TARGET_NAME)";
				SWIFT_EMIT_LOC_STRINGS = NO;
				SWIFT_VERSION = 5.0;
				TARGETED_DEVICE_FAMILY = "1,2";
				TEST_TARGET_NAME = rinngo_practice;
			};
			name = Debug;
		};
		DEE9F9562D996D8A00321F3E /* Release */ = {
			isa = XCBuildConfiguration;
			buildSettings = {
				CODE_SIGN_STYLE = Automatic;
				CURRENT_PROJECT_VERSION = 1;
				DEVELOPMENT_TEAM = 67447MWT6K;
				GENERATE_INFOPLIST_FILE = YES;
				MARKETING_VERSION = 1.0;
				PRODUCT_BUNDLE_IDENTIFIER = "rinngo0302.rinngo-practiceUITests";
				PRODUCT_NAME = "$(TARGET_NAME)";
				SWIFT_EMIT_LOC_STRINGS = NO;
				SWIFT_VERSION = 5.0;
				TARGETED_DEVICE_FAMILY = "1,2";
				TEST_TARGET_NAME = rinngo_practice;
			};
			name = Release;
		};
/* End XCBuildConfiguration section */

/* Begin XCConfigurationList section */
		DEE9F9252D996D8900321F3E /* Build configuration list for PBXProject "rinngo_practice" */ = {
			isa = XCConfigurationList;
			buildConfigurations = (
				DEE9F94C2D996D8A00321F3E /* Debug */,
				DEE9F94D2D996D8A00321F3E /* Release */,
			);
			defaultConfigurationIsVisible = 0;
			defaultConfigurationName = Release;
		};
		DEE9F94E2D996D8A00321F3E /* Build configuration list for PBXNativeTarget "rinngo_practice" */ = {
			isa = XCConfigurationList;
			buildConfigurations = (
				DEE9F94F2D996D8A00321F3E /* Debug */,
				DEE9F9502D996D8A00321F3E /* Release */,
			);
			defaultConfigurationIsVisible = 0;
			defaultConfigurationName = Release;
		};
		DEE9F9512D996D8A00321F3E /* Build configuration list for PBXNativeTarget "rinngo_practiceTests" */ = {
			isa = XCConfigurationList;
			buildConfigurations = (
				DEE9F9522D996D8A00321F3E /* Debug */,
				DEE9F9532D996D8A00321F3E /* Release */,
			);
			defaultConfigurationIsVisible = 0;
			defaultConfigurationName = Release;
		};
		DEE9F9542D996D8A00321F3E /* Build configuration list for PBXNativeTarget "rinngo_practiceUITests" */ = {
			isa = XCConfigurationList;
			buildConfigurations = (
				DEE9F9552D996D8A00321F3E /* Debug */,
				DEE9F9562D996D8A00321F3E /* Release */,
			);
			defaultConfigurationIsVisible = 0;
			defaultConfigurationName = Release;
		};
/* End XCConfigurationList section */
	};
	rootObject = DEE9F9222D996D8900321F3E /* Project object */;
}
